
Microsoft Visual Studio Solution File, Format Version 12.00
# Visual Studio Version 17
VisualStudioVersion = 17.4.33122.133
MinimumVisualStudioVersion = 10.0.40219.1
Project("{FAE04EC0-301F-11D3-BF4B-00C04F79EFBC}") = "BAL", "BAL\BAL.csproj", "{38CEDCC1-4D80-447F-9D12-7976DB14B8BA}"
EndProject
Project("{FAE04EC0-301F-11D3-BF4B-00C04F79EFBC}") = "DAL", "DAL\DAL.csproj", "{B2D85CD7-84EA-4477-84CD-26302027506C}"
EndProject
Project("{FAE04EC0-301F-11D3-BF4B-00C04F79EFBC}") = "StudenPortals", "StudenPortals\StudenPortals.csproj", "{86136FD4-03BC-4BE1-B9A6-27BC94C0990C}"
EndProject
Project("{2150E333-8FDC-42A3-9474-1A3956D46DE8}") = "Solution Items", "Solution Items", "{643E3E40-8680-4D8C-BABF-DFEAD84E3C2A}"
EndProject
Global
	GlobalSection(SolutionConfigurationPlatforms) = preSolution
		Debug|Any CPU = Debug|Any CPU
		Release|Any CPU = Release|Any CPU
	EndGlobalSection
	GlobalSection(ProjectConfigurationPlatforms) = postSolution
		{38CEDCC1-4D80-447F-9D12-7976DB14B8BA}.Debug|Any CPU.ActiveCfg = Debug|Any CPU
		{38CEDCC1-4D80-447F-9D12-7976DB14B8BA}.Debug|Any CPU.Build.0 = Debug|Any CPU
		{38CEDCC1-4D80-447F-9D12-7976DB14B8BA}.Release|Any CPU.ActiveCfg = Release|Any CPU
		{38CEDCC1-4D80-447F-9D12-7976DB14B8BA}.Release|Any CPU.Build.0 = Release|Any CPU
		{B2D85CD7-84EA-4477-84CD-26302027506C}.Debug|Any CPU.ActiveCfg = Debug|Any CPU
		{B2D85CD7-84EA-4477-84CD-26302027506C}.Debug|Any CPU.Build.0 = Debug|Any CPU
		{B2D85CD7-84EA-4477-84CD-26302027506C}.Release|Any CPU.ActiveCfg = Release|Any CPU
		{B2D85CD7-84EA-4477-84CD-26302027506C}.Release|Any CPU.Build.0 = Release|Any CPU
		{86136FD4-03BC-4BE1-B9A6-27BC94C0990C}.Debug|Any CPU.ActiveCfg = Debug|Any CPU
		{86136FD4-03BC-4BE1-B9A6-27BC94C0990C}.Debug|Any CPU.Build.0 = Debug|Any CPU
		{86136FD4-03BC-4BE1-B9A6-27BC94C0990C}.Release|Any CPU.ActiveCfg = Release|Any CPU
		{86136FD4-03BC-4BE1-B9A6-27BC94C0990C}.Release|Any CPU.Build.0 = Release|Any CPU
	EndGlobalSection
	GlobalSection(SolutionProperties) = preSolution
		HideSolutionNode = FALSE
	EndGlobalSection
	GlobalSection(ExtensibilityGlobals) = postSolution
		SolutionGuid = {E745B9D1-4B8D-4AB9-9A47-A70DD0ACA2D4}
	EndGlobalSection
EndGlobal
